{
  "object": {
    "pins": [
      {
        "package": "Nuke",
        "repositoryURL": "https://github.com/kean/Nuke.git",
        "state": {
          "branch": null,
          "revision": "1267d1c7cdfb7e3ac7bc654db0e5cfd6a9f18c9e",
          "version": "9.1.0"
        }
      }
    ]
  },
  "version": 1
}
